
Microsoft Visual Studio Solution File, Format Version 12.00
# Visual Studio Version 16
VisualStudioVersion = 16.0.28803.156
MinimumVisualStudioVersion = 10.0.40219.1
Project("{FAE04EC0-301F-11D3-BF4B-00C04F79EFBC}") = "LanguageFeatures", "LanguageFeatures\LanguageFeatures.csproj", "{E469DDEC-1A19-4B57-8EB7-FF3065380860}"
EndProject
Global
	GlobalSection(SolutionConfigurationPlatforms) = preSolution
		Debug|Any CPU = Debug|Any CPU
		Release|Any CPU = Release|Any CPU
	EndGlobalSection
	GlobalSection(ProjectConfigurationPlatforms) = postSolution
		{E469DDEC-1A19-4B57-8EB7-FF3065380860}.Debug|Any CPU.ActiveCfg = Debug|Any CPU
		{E469DDEC-1A19-4B57-8EB7-FF3065380860}.Debug|Any CPU.Build.0 = Debug|Any CPU
		{E469DDEC-1A19-4B57-8EB7-FF3065380860}.Release|Any CPU.ActiveCfg = Release|Any CPU
		{E469DDEC-1A19-4B57-8EB7-FF3065380860}.Release|Any CPU.Build.0 = Release|Any CPU
	EndGlobalSection
	GlobalSection(SolutionProperties) = preSolution
		HideSolutionNode = FALSE
	EndGlobalSection
	GlobalSection(ExtensibilityGlobals) = postSolution
		SolutionGuid = {A98627FC-90A4-494D-B805-ECCD251EC115}
	EndGlobalSection
EndGlobal
